{
  "name": "node_modules_practice",
  "version": "1.0.0",
  "lockfileVersion": 1,
  "requires": true,
  "dependencies": {
    "better-array": {
      "version": "0.3.1",
      "resolved": "https://registry.npmjs.org/better-array/-/better-array-0.3.1.tgz",
      "integrity": "sha1-DgjQfZvpIc8gWE0/6plK6C8Y9P8="
    }
  }
}
